// !$*UTF8*$!
{
	archiveVersion = 1;
	classes = {
	};
	objectVersion = 46;
	objects = {

/* Begin PBXBuildFile section */
		5504A8E71A798EB7001B4D70 /* UIKit.framework in Frameworks */ = {isa = PBXBuildFile; fileRef = 5504A8E61A798EB7001B4D70 /* UIKit.framework */; };
		5504A8E91A798EC5001B4D70 /* Foundation.framework in Frameworks */ = {isa = PBXBuildFile; fileRef = 5504A8E81A798EC5001B4D70 /* Foundation.framework */; };
		5504A8EB1A798EDA001B4D70 /* CoreGraphics.framework in Frameworks */ = {isa = PBXBuildFile; fileRef = 5504A8EA1A798EDA001B4D70 /* CoreGraphics.framework */; };
		5534D9711A7983BF00C87BFC /* main.m in Sources */ = {isa = PBXBuildFile; fileRef = 5534D9701A7983BF00C87BFC /* main.m */; };
		5534D9741A7983BF00C87BFC /* AppDelegate.m in Sources */ = {isa = PBXBuildFile; fileRef = 5534D9731A7983BF00C87BFC /* AppDelegate.m */; };
		5534D97C1A7983BF00C87BFC /* Images.xcassets in Resources */ = {isa = PBXBuildFile; fileRef = 5534D97B1A7983BF00C87BFC /* Images.xcassets */; };
		5534D98B1A7983C000C87BFC /* GifImageDisplayTests.m in Sources */ = {isa = PBXBuildFile; fileRef = 5534D98A1A7983C000C87BFC /* GifImageDisplayTests.m */; };
		5534D9991A7986BF00C87BFC /* GifViewController.m in Sources */ = {isa = PBXBuildFile; fileRef = 5534D9971A7986BF00C87BFC /* GifViewController.m */; };
		5534D99A1A7986BF00C87BFC /* GifViewController.xib in Resources */ = {isa = PBXBuildFile; fileRef = 5534D9981A7986BF00C87BFC /* GifViewController.xib */; };
		5534D9A31A7987D500C87BFC /* FLAnimatedImage.m in Sources */ = {isa = PBXBuildFile; fileRef = 5534D9A01A7987D500C87BFC /* FLAnimatedImage.m */; };
		5534D9A41A7987D500C87BFC /* FLAnimatedImageView.m in Sources */ = {isa = PBXBuildFile; fileRef = 5534D9A21A7987D500C87BFC /* FLAnimatedImageView.m */; };
		556150DE1A79B040007004A2 /* searchButton.png in Resources */ = {isa = PBXBuildFile; fileRef = 556150DB1A79B040007004A2 /* searchButton.png */; };
		556150E11A79B1E8007004A2 /* searchText.png in Resources */ = {isa = PBXBuildFile; fileRef = 556150E01A79B1E8007004A2 /* searchText.png */; };
		556150E81A79B79C007004A2 /* Reachability.m in Sources */ = {isa = PBXBuildFile; fileRef = 556150E71A79B79C007004A2 /* Reachability.m */; };
		556150F61A79B7C3007004A2 /* NSObject+SBJSON.m in Sources */ = {isa = PBXBuildFile; fileRef = 556150EB1A79B7C3007004A2 /* NSObject+SBJSON.m */; };
		556150F71A79B7C3007004A2 /* NSString+SBJSON.m in Sources */ = {isa = PBXBuildFile; fileRef = 556150ED1A79B7C3007004A2 /* NSString+SBJSON.m */; };
		556150F81A79B7C3007004A2 /* SBJSON.m in Sources */ = {isa = PBXBuildFile; fileRef = 556150EF1A79B7C3007004A2 /* SBJSON.m */; };
		556150F91A79B7C3007004A2 /* SBJsonBase.m in Sources */ = {isa = PBXBuildFile; fileRef = 556150F11A79B7C3007004A2 /* SBJsonBase.m */; };
		556150FA1A79B7C3007004A2 /* SBJsonParser.m in Sources */ = {isa = PBXBuildFile; fileRef = 556150F31A79B7C3007004A2 /* SBJsonParser.m */; };
		556150FB1A79B7C3007004A2 /* SBJsonWriter.m in Sources */ = {isa = PBXBuildFile; fileRef = 556150F51A79B7C3007004A2 /* SBJsonWriter.m */; };
		556150FE1A79B84F007004A2 /* GifImageWebService.m in Sources */ = {isa = PBXBuildFile; fileRef = 556150FD1A79B84F007004A2 /* GifImageWebService.m */; };
		556151011A79D220007004A2 /* EGORefreshTableHeaderView.m in Sources */ = {isa = PBXBuildFile; fileRef = 556151001A79D220007004A2 /* EGORefreshTableHeaderView.m */; settings = {COMPILER_FLAGS = "-fno-objc-arc"; }; };
		556151051A7AB8AF007004A2 /* GifIMageModel.m in Sources */ = {isa = PBXBuildFile; fileRef = 556151041A7AB8AF007004A2 /* GifIMageModel.m */; };
		5561510A1A7AC8A9007004A2 /* GifImageItemCell.m in Sources */ = {isa = PBXBuildFile; fileRef = 556151081A7AC8A9007004A2 /* GifImageItemCell.m */; };
		5561510B1A7AC8A9007004A2 /* GifImageItemCell.xib in Resources */ = {isa = PBXBuildFile; fileRef = 556151091A7AC8A9007004A2 /* GifImageItemCell.xib */; };
		5576B8001A7BBE4900BF8B06 /* LaunchScreen.xib in Resources */ = {isa = PBXBuildFile; fileRef = 5576B7FF1A7BBE4900BF8B06 /* LaunchScreen.xib */; };
		5576B8031A7BC11400BF8B06 /* launchImage960.png in Resources */ = {isa = PBXBuildFile; fileRef = 5576B8011A7BC11400BF8B06 /* launchImage960.png */; };
		5576B8041A7BC11500BF8B06 /* launchImage1136 copy.png in Resources */ = {isa = PBXBuildFile; fileRef = 5576B8021A7BC11400BF8B06 /* launchImage1136 copy.png */; };
		55A89B451A7AEF7E00069C6F /* searchTextfield.png in Resources */ = {isa = PBXBuildFile; fileRef = 55A89B441A7AEF7E00069C6F /* searchTextfield.png */; };
		55A89B471A7AF19B00069C6F /* navbar.png in Resources */ = {isa = PBXBuildFile; fileRef = 55A89B461A7AF19B00069C6F /* navbar.png */; };
/* End PBXBuildFile section */

/* Begin PBXContainerItemProxy section */
		5534D9851A7983C000C87BFC /* PBXContainerItemProxy */ = {
			isa = PBXContainerItemProxy;
			containerPortal = 5534D9631A7983BE00C87BFC /* Project object */;
			proxyType = 1;
			remoteGlobalIDString = 5534D96A1A7983BF00C87BFC;
			remoteInfo = GifImageDisplay;
		};
/* End PBXContainerItemProxy section */

/* Begin PBXFileReference section */
		5504A8E61A798EB7001B4D70 /* UIKit.framework */ = {isa = PBXFileReference; lastKnownFileType = wrapper.framework; name = UIKit.framework; path = System/Library/Frameworks/UIKit.framework; sourceTree = SDKROOT; };
		5504A8E81A798EC5001B4D70 /* Foundation.framework */ = {isa = PBXFileReference; lastKnownFileType = wrapper.framework; name = Foundation.framework; path = System/Library/Frameworks/Foundation.framework; sourceTree = SDKROOT; };
		5504A8EA1A798EDA001B4D70 /* CoreGraphics.framework */ = {isa = PBXFileReference; lastKnownFileType = wrapper.framework; name = CoreGraphics.framework; path = System/Library/Frameworks/CoreGraphics.framework; sourceTree = SDKROOT; };
		5534D96B1A7983BF00C87BFC /* GifImageDisplay.app */ = {isa = PBXFileReference; explicitFileType = wrapper.application; includeInIndex = 0; path = GifImageDisplay.app; sourceTree = BUILT_PRODUCTS_DIR; };
		5534D96F1A7983BF00C87BFC /* Info.plist */ = {isa = PBXFileReference; lastKnownFileType = text.plist.xml; path = Info.plist; sourceTree = "<group>"; };
		5534D9701A7983BF00C87BFC /* main.m */ = {isa = PBXFileReference; lastKnownFileType = sourcecode.c.objc; path = main.m; sourceTree = "<group>"; };
		5534D9721A7983BF00C87BFC /* AppDelegate.h */ = {isa = PBXFileReference; lastKnownFileType = sourcecode.c.h; path = AppDelegate.h; sourceTree = "<group>"; };
		5534D9731A7983BF00C87BFC /* AppDelegate.m */ = {isa = PBXFileReference; lastKnownFileType = sourcecode.c.objc; path = AppDelegate.m; sourceTree = "<group>"; };
		5534D97B1A7983BF00C87BFC /* Images.xcassets */ = {isa = PBXFileReference; lastKnownFileType = folder.assetcatalog; path = Images.xcassets; sourceTree = "<group>"; };
		5534D9841A7983C000C87BFC /* GifImageDisplayTests.xctest */ = {isa = PBXFileReference; explicitFileType = wrapper.cfbundle; includeInIndex = 0; path = GifImageDisplayTests.xctest; sourceTree = BUILT_PRODUCTS_DIR; };
		5534D9891A7983C000C87BFC /* Info.plist */ = {isa = PBXFileReference; lastKnownFileType = text.plist.xml; path = Info.plist; sourceTree = "<group>"; };
		5534D98A1A7983C000C87BFC /* GifImageDisplayTests.m */ = {isa = PBXFileReference; lastKnownFileType = sourcecode.c.objc; path = GifImageDisplayTests.m; sourceTree = "<group>"; };
		5534D9961A7986BF00C87BFC /* GifViewController.h */ = {isa = PBXFileReference; fileEncoding = 4; lastKnownFileType = sourcecode.c.h; path = GifViewController.h; sourceTree = "<group>"; };
		5534D9971A7986BF00C87BFC /* GifViewController.m */ = {isa = PBXFileReference; fileEncoding = 4; lastKnownFileType = sourcecode.c.objc; path = GifViewController.m; sourceTree = "<group>"; };
		5534D9981A7986BF00C87BFC /* GifViewController.xib */ = {isa = PBXFileReference; fileEncoding = 4; lastKnownFileType = file.xib; path = GifViewController.xib; sourceTree = "<group>"; };
		5534D99F1A7987D500C87BFC /* FLAnimatedImage.h */ = {isa = PBXFileReference; fileEncoding = 4; lastKnownFileType = sourcecode.c.h; path = FLAnimatedImage.h; sourceTree = "<group>"; };
		5534D9A01A7987D500C87BFC /* FLAnimatedImage.m */ = {isa = PBXFileReference; fileEncoding = 4; lastKnownFileType = sourcecode.c.objc; path = FLAnimatedImage.m; sourceTree = "<group>"; };
		5534D9A11A7987D500C87BFC /* FLAnimatedImageView.h */ = {isa = PBXFileReference; fileEncoding = 4; lastKnownFileType = sourcecode.c.h; path = FLAnimatedImageView.h; sourceTree = "<group>"; };
		5534D9A21A7987D500C87BFC /* FLAnimatedImageView.m */ = {isa = PBXFileReference; fileEncoding = 4; lastKnownFileType = sourcecode.c.objc; path = FLAnimatedImageView.m; sourceTree = "<group>"; };
		556150DB1A79B040007004A2 /* searchButton.png */ = {isa = PBXFileReference; lastKnownFileType = image.png; path = searchButton.png; sourceTree = "<group>"; };
		556150E01A79B1E8007004A2 /* searchText.png */ = {isa = PBXFileReference; lastKnownFileType = image.png; path = searchText.png; sourceTree = "<group>"; };
		556150E61A79B79C007004A2 /* Reachability.h */ = {isa = PBXFileReference; fileEncoding = 4; lastKnownFileType = sourcecode.c.h; path = Reachability.h; sourceTree = "<group>"; };
		556150E71A79B79C007004A2 /* Reachability.m */ = {isa = PBXFileReference; fileEncoding = 4; lastKnownFileType = sourcecode.c.objc; path = Reachability.m; sourceTree = "<group>"; };
		556150E91A79B7C3007004A2 /* JSON.h */ = {isa = PBXFileReference; fileEncoding = 4; lastKnownFileType = sourcecode.c.h; path = JSON.h; sourceTree = "<group>"; };
		556150EA1A79B7C3007004A2 /* NSObject+SBJSON.h */ = {isa = PBXFileReference; fileEncoding = 4; lastKnownFileType = sourcecode.c.h; path = "NSObject+SBJSON.h"; sourceTree = "<group>"; };
		556150EB1A79B7C3007004A2 /* NSObject+SBJSON.m */ = {isa = PBXFileReference; fileEncoding = 4; lastKnownFileType = sourcecode.c.objc; path = "NSObject+SBJSON.m"; sourceTree = "<group>"; };
		556150EC1A79B7C3007004A2 /* NSString+SBJSON.h */ = {isa = PBXFileReference; fileEncoding = 4; lastKnownFileType = sourcecode.c.h; path = "NSString+SBJSON.h"; sourceTree = "<group>"; };
		556150ED1A79B7C3007004A2 /* NSString+SBJSON.m */ = {isa = PBXFileReference; fileEncoding = 4; lastKnownFileType = sourcecode.c.objc; path = "NSString+SBJSON.m"; sourceTree = "<group>"; };
		556150EE1A79B7C3007004A2 /* SBJSON.h */ = {isa = PBXFileReference; fileEncoding = 4; lastKnownFileType = sourcecode.c.h; path = SBJSON.h; sourceTree = "<group>"; };
		556150EF1A79B7C3007004A2 /* SBJSON.m */ = {isa = PBXFileReference; fileEncoding = 4; lastKnownFileType = sourcecode.c.objc; path = SBJSON.m; sourceTree = "<group>"; };
		556150F01A79B7C3007004A2 /* SBJsonBase.h */ = {isa = PBXFileReference; fileEncoding = 4; lastKnownFileType = sourcecode.c.h; path = SBJsonBase.h; sourceTree = "<group>"; };
		556150F11A79B7C3007004A2 /* SBJsonBase.m */ = {isa = PBXFileReference; fileEncoding = 4; lastKnownFileType = sourcecode.c.objc; path = SBJsonBase.m; sourceTree = "<group>"; };
		556150F21A79B7C3007004A2 /* SBJsonParser.h */ = {isa = PBXFileReference; fileEncoding = 4; lastKnownFileType = sourcecode.c.h; path = SBJsonParser.h; sourceTree = "<group>"; };
		556150F31A79B7C3007004A2 /* SBJsonParser.m */ = {isa = PBXFileReference; fileEncoding = 4; lastKnownFileType = sourcecode.c.objc; path = SBJsonParser.m; sourceTree = "<group>"; };
		556150F41A79B7C3007004A2 /* SBJsonWriter.h */ = {isa = PBXFileReference; fileEncoding = 4; lastKnownFileType = sourcecode.c.h; path = SBJsonWriter.h; sourceTree = "<group>"; };
		556150F51A79B7C3007004A2 /* SBJsonWriter.m */ = {isa = PBXFileReference; fileEncoding = 4; lastKnownFileType = sourcecode.c.objc; path = SBJsonWriter.m; sourceTree = "<group>"; };
		556150FC1A79B84F007004A2 /* GifImageWebService.h */ = {isa = PBXFileReference; fileEncoding = 4; lastKnownFileType = sourcecode.c.h; path = GifImageWebService.h; sourceTree = "<group>"; };
		556150FD1A79B84F007004A2 /* GifImageWebService.m */ = {isa = PBXFileReference; fileEncoding = 4; lastKnownFileType = sourcecode.c.objc; path = GifImageWebService.m; sourceTree = "<group>"; };
		556150FF1A79D220007004A2 /* EGORefreshTableHeaderView.h */ = {isa = PBXFileReference; fileEncoding = 4; lastKnownFileType = sourcecode.c.h; path = EGORefreshTableHeaderView.h; sourceTree = "<group>"; };
		556151001A79D220007004A2 /* EGORefreshTableHeaderView.m */ = {isa = PBXFileReference; fileEncoding = 4; lastKnownFileType = sourcecode.c.objc; path = EGORefreshTableHeaderView.m; sourceTree = "<group>"; };
		556151031A7AB8AF007004A2 /* GifIMageModel.h */ = {isa = PBXFileReference; fileEncoding = 4; lastKnownFileType = sourcecode.c.h; path = GifIMageModel.h; sourceTree = "<group>"; };
		556151041A7AB8AF007004A2 /* GifIMageModel.m */ = {isa = PBXFileReference; fileEncoding = 4; lastKnownFileType = sourcecode.c.objc; path = GifIMageModel.m; sourceTree = "<group>"; };
		556151071A7AC8A9007004A2 /* GifImageItemCell.h */ = {isa = PBXFileReference; fileEncoding = 4; lastKnownFileType = sourcecode.c.h; path = GifImageItemCell.h; sourceTree = "<group>"; };
		556151081A7AC8A9007004A2 /* GifImageItemCell.m */ = {isa = PBXFileReference; fileEncoding = 4; lastKnownFileType = sourcecode.c.objc; path = GifImageItemCell.m; sourceTree = "<group>"; };
		556151091A7AC8A9007004A2 /* GifImageItemCell.xib */ = {isa = PBXFileReference; fileEncoding = 4; lastKnownFileType = file.xib; path = GifImageItemCell.xib; sourceTree = "<group>"; };
		5576B7FF1A7BBE4900BF8B06 /* LaunchScreen.xib */ = {isa = PBXFileReference; fileEncoding = 4; lastKnownFileType = file.xib; name = LaunchScreen.xib; path = ../LaunchScreen.xib; sourceTree = "<group>"; };
		5576B8011A7BC11400BF8B06 /* launchImage960.png */ = {isa = PBXFileReference; lastKnownFileType = image.png; path = launchImage960.png; sourceTree = "<group>"; };
		5576B8021A7BC11400BF8B06 /* launchImage1136 copy.png */ = {isa = PBXFileReference; lastKnownFileType = image.png; path = "launchImage1136 copy.png"; sourceTree = "<group>"; };
		55A89B441A7AEF7E00069C6F /* searchTextfield.png */ = {isa = PBXFileReference; lastKnownFileType = image.png; path = searchTextfield.png; sourceTree = "<group>"; };
		55A89B461A7AF19B00069C6F /* navbar.png */ = {isa = PBXFileReference; lastKnownFileType = image.png; path = navbar.png; sourceTree = "<group>"; };
/* End PBXFileReference section */

/* Begin PBXFrameworksBuildPhase section */
		5534D9681A7983BF00C87BFC /* Frameworks */ = {
			isa = PBXFrameworksBuildPhase;
			buildActionMask = 2147483647;
			files = (
				5504A8EB1A798EDA001B4D70 /* CoreGraphics.framework in Frameworks */,
				5504A8E91A798EC5001B4D70 /* Foundation.framework in Frameworks */,
				5504A8E71A798EB7001B4D70 /* UIKit.framework in Frameworks */,
			);
			runOnlyForDeploymentPostprocessing = 0;
		};
		5534D9811A7983C000C87BFC /* Frameworks */ = {
			isa = PBXFrameworksBuildPhase;
			buildActionMask = 2147483647;
			files = (
			);
			runOnlyForDeploymentPostprocessing = 0;
		};
/* End PBXFrameworksBuildPhase section */

/* Begin PBXGroup section */
		5534D9621A7983BE00C87BFC = {
			isa = PBXGroup;
			children = (
				5534D96D1A7983BF00C87BFC /* GifImageDisplay */,
				5534D9871A7983C000C87BFC /* GifImageDisplayTests */,
				556150E51A79B750007004A2 /* Frameworks */,
				5534D96C1A7983BF00C87BFC /* Products */,
			);
			sourceTree = "<group>";
		};
		5534D96C1A7983BF00C87BFC /* Products */ = {
			isa = PBXGroup;
			children = (
				5534D96B1A7983BF00C87BFC /* GifImageDisplay.app */,
				5534D9841A7983C000C87BFC /* GifImageDisplayTests.xctest */,
			);
			name = Products;
			sourceTree = "<group>";
		};
		5534D96D1A7983BF00C87BFC /* GifImageDisplay */ = {
			isa = PBXGroup;
			children = (
				5534D9721A7983BF00C87BFC /* AppDelegate.h */,
				5534D9731A7983BF00C87BFC /* AppDelegate.m */,
				556151021A7AB887007004A2 /* GifImageModel */,
				5534D99B1A7986FE00C87BFC /* GifImageDashboard */,
				556150D91A79AEBB007004A2 /* Images */,
				556150E21A79B65F007004A2 /* Server Communication */,
				5534D99C1A79871400C87BFC /* Libraries */,
				5534D97B1A7983BF00C87BFC /* Images.xcassets */,
				5534D96E1A7983BF00C87BFC /* Supporting Files */,
			);
			path = GifImageDisplay;
			sourceTree = "<group>";
		};
		5534D96E1A7983BF00C87BFC /* Supporting Files */ = {
			isa = PBXGroup;
			children = (
				5576B7FF1A7BBE4900BF8B06 /* LaunchScreen.xib */,
				5534D96F1A7983BF00C87BFC /* Info.plist */,
				5534D9701A7983BF00C87BFC /* main.m */,
			);
			name = "Supporting Files";
			sourceTree = "<group>";
		};
		5534D9871A7983C000C87BFC /* GifImageDisplayTests */ = {
			isa = PBXGroup;
			children = (
				5534D98A1A7983C000C87BFC /* GifImageDisplayTests.m */,
				5534D9881A7983C000C87BFC /* Supporting Files */,
			);
			path = GifImageDisplayTests;
			sourceTree = "<group>";
		};
		5534D9881A7983C000C87BFC /* Supporting Files */ = {
			isa = PBXGroup;
			children = (
				5534D9891A7983C000C87BFC /* Info.plist */,
			);
			name = "Supporting Files";
			sourceTree = "<group>";
		};
		5534D99B1A7986FE00C87BFC /* GifImageDashboard */ = {
			isa = PBXGroup;
			children = (
				556151061A7AC86E007004A2 /* Custom GifImage Cell */,
				5534D9961A7986BF00C87BFC /* GifViewController.h */,
				5534D9971A7986BF00C87BFC /* GifViewController.m */,
				5534D9981A7986BF00C87BFC /* GifViewController.xib */,
			);
			name = GifImageDashboard;
			sourceTree = "<group>";
		};
		5534D99C1A79871400C87BFC /* Libraries */ = {
			isa = PBXGroup;
			children = (
				5534D99E1A79872800C87BFC /* EGOTableViewPullRefresh */,
				5534D99D1A79871E00C87BFC /* FLAnimatedImage */,
			);
			name = Libraries;
			sourceTree = "<group>";
		};
		5534D99D1A79871E00C87BFC /* FLAnimatedImage */ = {
			isa = PBXGroup;
			children = (
				5534D99F1A7987D500C87BFC /* FLAnimatedImage.h */,
				5534D9A01A7987D500C87BFC /* FLAnimatedImage.m */,
				5534D9A11A7987D500C87BFC /* FLAnimatedImageView.h */,
				5534D9A21A7987D500C87BFC /* FLAnimatedImageView.m */,
			);
			name = FLAnimatedImage;
			sourceTree = "<group>";
		};
		5534D99E1A79872800C87BFC /* EGOTableViewPullRefresh */ = {
			isa = PBXGroup;
			children = (
				556150FF1A79D220007004A2 /* EGORefreshTableHeaderView.h */,
				556151001A79D220007004A2 /* EGORefreshTableHeaderView.m */,
			);
			name = EGOTableViewPullRefresh;
			sourceTree = "<group>";
		};
		556150D91A79AEBB007004A2 /* Images */ = {
			isa = PBXGroup;
			children = (
				5576B8011A7BC11400BF8B06 /* launchImage960.png */,
				5576B8021A7BC11400BF8B06 /* launchImage1136 copy.png */,
				55A89B461A7AF19B00069C6F /* navbar.png */,
				55A89B441A7AEF7E00069C6F /* searchTextfield.png */,
				556150E01A79B1E8007004A2 /* searchText.png */,
				556150DB1A79B040007004A2 /* searchButton.png */,
			);
			name = Images;
			sourceTree = "<group>";
		};
		556150E21A79B65F007004A2 /* Server Communication */ = {
			isa = PBXGroup;
			children = (
				556150E41A79B683007004A2 /* Reachability */,
				556150E31A79B67A007004A2 /* JSON */,
				556150FC1A79B84F007004A2 /* GifImageWebService.h */,
				556150FD1A79B84F007004A2 /* GifImageWebService.m */,
			);
			name = "Server Communication";
			sourceTree = "<group>";
		};
		556150E31A79B67A007004A2 /* JSON */ = {
			isa = PBXGroup;
			children = (
				556150E91A79B7C3007004A2 /* JSON.h */,
				556150EA1A79B7C3007004A2 /* NSObject+SBJSON.h */,
				556150EB1A79B7C3007004A2 /* NSObject+SBJSON.m */,
				556150EC1A79B7C3007004A2 /* NSString+SBJSON.h */,
				556150ED1A79B7C3007004A2 /* NSString+SBJSON.m */,
				556150EE1A79B7C3007004A2 /* SBJSON.h */,
				556150EF1A79B7C3007004A2 /* SBJSON.m */,
				556150F01A79B7C3007004A2 /* SBJsonBase.h */,
				556150F11A79B7C3007004A2 /* SBJsonBase.m */,
				556150F21A79B7C3007004A2 /* SBJsonParser.h */,
				556150F31A79B7C3007004A2 /* SBJsonParser.m */,
				556150F41A79B7C3007004A2 /* SBJsonWriter.h */,
				556150F51A79B7C3007004A2 /* SBJsonWriter.m */,
			);
			name = JSON;
			sourceTree = "<group>";
		};
		556150E41A79B683007004A2 /* Reachability */ = {
			isa = PBXGroup;
			children = (
				556150E61A79B79C007004A2 /* Reachability.h */,
				556150E71A79B79C007004A2 /* Reachability.m */,
			);
			name = Reachability;
			sourceTree = "<group>";
		};
		556150E51A79B750007004A2 /* Frameworks */ = {
			isa = PBXGroup;
			children = (
				5504A8EA1A798EDA001B4D70 /* CoreGraphics.framework */,
				5504A8E81A798EC5001B4D70 /* Foundation.framework */,
				5504A8E61A798EB7001B4D70 /* UIKit.framework */,
			);
			name = Frameworks;
			sourceTree = "<group>";
		};
		556151021A7AB887007004A2 /* GifImageModel */ = {
			isa = PBXGroup;
			children = (
				556151031A7AB8AF007004A2 /* GifIMageModel.h */,
				556151041A7AB8AF007004A2 /* GifIMageModel.m */,
			);
			name = GifImageModel;
			sourceTree = "<group>";
		};
		556151061A7AC86E007004A2 /* Custom GifImage Cell */ = {
			isa = PBXGroup;
			children = (
				556151071A7AC8A9007004A2 /* GifImageItemCell.h */,
				556151081A7AC8A9007004A2 /* GifImageItemCell.m */,
				556151091A7AC8A9007004A2 /* GifImageItemCell.xib */,
			);
			name = "Custom GifImage Cell";
			sourceTree = "<group>";
		};
/* End PBXGroup section */

/* Begin PBXNativeTarget section */
		5534D96A1A7983BF00C87BFC /* GifImageDisplay */ = {
			isa = PBXNativeTarget;
			buildConfigurationList = 5534D98E1A7983C000C87BFC /* Build configuration list for PBXNativeTarget "GifImageDisplay" */;
			buildPhases = (
				5534D9671A7983BF00C87BFC /* Sources */,
				5534D9681A7983BF00C87BFC /* Frameworks */,
				5534D9691A7983BF00C87BFC /* Resources */,
			);
			buildRules = (
			);
			dependencies = (
			);
			name = GifImageDisplay;
			productName = GifImageDisplay;
			productReference = 5534D96B1A7983BF00C87BFC /* GifImageDisplay.app */;
			productType = "com.apple.product-type.application";
		};
		5534D9831A7983C000C87BFC /* GifImageDisplayTests */ = {
			isa = PBXNativeTarget;
			buildConfigurationList = 5534D9911A7983C000C87BFC /* Build configuration list for PBXNativeTarget "GifImageDisplayTests" */;
			buildPhases = (
				5534D9801A7983C000C87BFC /* Sources */,
				5534D9811A7983C000C87BFC /* Frameworks */,
				5534D9821A7983C000C87BFC /* Resources */,
			);
			buildRules = (
			);
			dependencies = (
				5534D9861A7983C000C87BFC /* PBXTargetDependency */,
			);
			name = GifImageDisplayTests;
			productName = GifImageDisplayTests;
			productReference = 5534D9841A7983C000C87BFC /* GifImageDisplayTests.xctest */;
			productType = "com.apple.product-type.bundle.unit-test";
		};
/* End PBXNativeTarget section */

/* Begin PBXProject section */
		5534D9631A7983BE00C87BFC /* Project object */ = {
			isa = PBXProject;
			attributes = {
				LastUpgradeCheck = 0610;
				ORGANIZATIONNAME = "Manasi Shah";
				TargetAttributes = {
					5534D96A1A7983BF00C87BFC = {
						CreatedOnToolsVersion = 6.1;
					};
					5534D9831A7983C000C87BFC = {
						CreatedOnToolsVersion = 6.1;
						TestTargetID = 5534D96A1A7983BF00C87BFC;
					};
				};
			};
			buildConfigurationList = 5534D9661A7983BF00C87BFC /* Build configuration list for PBXProject "GifImageDisplay" */;
			compatibilityVersion = "Xcode 3.2";
			developmentRegion = English;
			hasScannedForEncodings = 0;
			knownRegions = (
				en,
				Base,
			);
			mainGroup = 5534D9621A7983BE00C87BFC;
			productRefGroup = 5534D96C1A7983BF00C87BFC /* Products */;
			projectDirPath = "";
			projectRoot = "";
			targets = (
				5534D96A1A7983BF00C87BFC /* GifImageDisplay */,
				5534D9831A7983C000C87BFC /* GifImageDisplayTests */,
			);
		};
/* End PBXProject section */

/* Begin PBXResourcesBuildPhase section */
		5534D9691A7983BF00C87BFC /* Resources */ = {
			isa = PBXResourcesBuildPhase;
			buildActionMask = 2147483647;
			files = (
				556150E11A79B1E8007004A2 /* searchText.png in Resources */,
				5561510B1A7AC8A9007004A2 /* GifImageItemCell.xib in Resources */,
				5534D97C1A7983BF00C87BFC /* Images.xcassets in Resources */,
				556150DE1A79B040007004A2 /* searchButton.png in Resources */,
				5576B8001A7BBE4900BF8B06 /* LaunchScreen.xib in Resources */,
				5576B8041A7BC11500BF8B06 /* launchImage1136 copy.png in Resources */,
				5576B8031A7BC11400BF8B06 /* launchImage960.png in Resources */,
				55A89B451A7AEF7E00069C6F /* searchTextfield.png in Resources */,
				55A89B471A7AF19B00069C6F /* navbar.png in Resources */,
				5534D99A1A7986BF00C87BFC /* GifViewController.xib in Resources */,
			);
			runOnlyForDeploymentPostprocessing = 0;
		};
		5534D9821A7983C000C87BFC /* Resources */ = {
			isa = PBXResourcesBuildPhase;
			buildActionMask = 2147483647;
			files = (
			);
			runOnlyForDeploymentPostprocessing = 0;
		};
/* End PBXResourcesBuildPhase section */

/* Begin PBXSourcesBuildPhase section */
		5534D9671A7983BF00C87BFC /* Sources */ = {
			isa = PBXSourcesBuildPhase;
			buildActionMask = 2147483647;
			files = (
				556150F81A79B7C3007004A2 /* SBJSON.m in Sources */,
				556150FB1A79B7C3007004A2 /* SBJsonWriter.m in Sources */,
				5534D9A31A7987D500C87BFC /* FLAnimatedImage.m in Sources */,
				5534D9991A7986BF00C87BFC /* GifViewController.m in Sources */,
				5534D9A41A7987D500C87BFC /* FLAnimatedImageView.m in Sources */,
				5561510A1A7AC8A9007004A2 /* GifImageItemCell.m in Sources */,
				556150FA1A79B7C3007004A2 /* SBJsonParser.m in Sources */,
				5534D9741A7983BF00C87BFC /* AppDelegate.m in Sources */,
				556150F61A79B7C3007004A2 /* NSObject+SBJSON.m in Sources */,
				556150FE1A79B84F007004A2 /* GifImageWebService.m in Sources */,
				556150E81A79B79C007004A2 /* Reachability.m in Sources */,
				556150F91A79B7C3007004A2 /* SBJsonBase.m in Sources */,
				556150F71A79B7C3007004A2 /* NSString+SBJSON.m in Sources */,
				556151011A79D220007004A2 /* EGORefreshTableHeaderView.m in Sources */,
				5534D9711A7983BF00C87BFC /* main.m in Sources */,
				556151051A7AB8AF007004A2 /* GifIMageModel.m in Sources */,
			);
			runOnlyForDeploymentPostprocessing = 0;
		};
		5534D9801A7983C000C87BFC /* Sources */ = {
			isa = PBXSourcesBuildPhase;
			buildActionMask = 2147483647;
			files = (
				5534D98B1A7983C000C87BFC /* GifImageDisplayTests.m in Sources */,
			);
			runOnlyForDeploymentPostprocessing = 0;
		};
/* End PBXSourcesBuildPhase section */

/* Begin PBXTargetDependency section */
		5534D9861A7983C000C87BFC /* PBXTargetDependency */ = {
			isa = PBXTargetDependency;
			target = 5534D96A1A7983BF00C87BFC /* GifImageDisplay */;
			targetProxy = 5534D9851A7983C000C87BFC /* PBXContainerItemProxy */;
		};
/* End PBXTargetDependency section */

/* Begin XCBuildConfiguration section */
		5534D98C1A7983C000C87BFC /* Debug */ = {
			isa = XCBuildConfiguration;
			buildSettings = {
				ALWAYS_SEARCH_USER_PATHS = NO;
				CLANG_CXX_LANGUAGE_STANDARD = "gnu++0x";
				CLANG_CXX_LIBRARY = "libc++";
				CLANG_ENABLE_MODULES = YES;
				CLANG_ENABLE_OBJC_ARC = YES;
				CLANG_WARN_BOOL_CONVERSION = YES;
				CLANG_WARN_CONSTANT_CONVERSION = YES;
				CLANG_WARN_DIRECT_OBJC_ISA_USAGE = YES_ERROR;
				CLANG_WARN_EMPTY_BODY = YES;
				CLANG_WARN_ENUM_CONVERSION = YES;
				CLANG_WARN_INT_CONVERSION = YES;
				CLANG_WARN_OBJC_ROOT_CLASS = YES_ERROR;
				CLANG_WARN_UNREACHABLE_CODE = YES;
				CLANG_WARN__DUPLICATE_METHOD_MATCH = YES;
				"CODE_SIGN_IDENTITY[sdk=iphoneos*]" = "iPhone Developer";
				COPY_PHASE_STRIP = NO;
				ENABLE_STRICT_OBJC_MSGSEND = YES;
				GCC_C_LANGUAGE_STANDARD = gnu99;
				GCC_DYNAMIC_NO_PIC = NO;
				GCC_OPTIMIZATION_LEVEL = 0;
				GCC_PREPROCESSOR_DEFINITIONS = (
					"DEBUG=1",
					"$(inherited)",
				);
				GCC_SYMBOLS_PRIVATE_EXTERN = NO;
				GCC_WARN_64_TO_32_BIT_CONVERSION = YES;
				GCC_WARN_ABOUT_RETURN_TYPE = YES_ERROR;
				GCC_WARN_UNDECLARED_SELECTOR = YES;
				GCC_WARN_UNINITIALIZED_AUTOS = YES_AGGRESSIVE;
				GCC_WARN_UNUSED_FUNCTION = YES;
				GCC_WARN_UNUSED_VARIABLE = YES;
				IPHONEOS_DEPLOYMENT_TARGET = 8.1;
				MTL_ENABLE_DEBUG_INFO = YES;
				ONLY_ACTIVE_ARCH = YES;
				SDKROOT = iphoneos;
			};
			name = Debug;
		};
		5534D98D1A7983C000C87BFC /* Release */ = {
			isa = XCBuildConfiguration;
			buildSettings = {
				ALWAYS_SEARCH_USER_PATHS = NO;
				CLANG_CXX_LANGUAGE_STANDARD = "gnu++0x";
				CLANG_CXX_LIBRARY = "libc++";
				CLANG_ENABLE_MODULES = YES;
				CLANG_ENABLE_OBJC_ARC = YES;
				CLANG_WARN_BOOL_CONVERSION = YES;
				CLANG_WARN_CONSTANT_CONVERSION = YES;
				CLANG_WARN_DIRECT_OBJC_ISA_USAGE = YES_ERROR;
				CLANG_WARN_EMPTY_BODY = YES;
				CLANG_WARN_ENUM_CONVERSION = YES;
				CLANG_WARN_INT_CONVERSION = YES;
				CLANG_WARN_OBJC_ROOT_CLASS = YES_ERROR;
				CLANG_WARN_UNREACHABLE_CODE = YES;
				CLANG_WARN__DUPLICATE_METHOD_MATCH = YES;
				"CODE_SIGN_IDENTITY[sdk=iphoneos*]" = "iPhone Developer";
				COPY_PHASE_STRIP = YES;
				ENABLE_NS_ASSERTIONS = NO;
				ENABLE_STRICT_OBJC_MSGSEND = YES;
				GCC_C_LANGUAGE_STANDARD = gnu99;
				GCC_WARN_64_TO_32_BIT_CONVERSION = YES;
				GCC_WARN_ABOUT_RETURN_TYPE = YES_ERROR;
				GCC_WARN_UNDECLARED_SELECTOR = YES;
				GCC_WARN_UNINITIALIZED_AUTOS = YES_AGGRESSIVE;
				GCC_WARN_UNUSED_FUNCTION = YES;
				GCC_WARN_UNUSED_VARIABLE = YES;
				IPHONEOS_DEPLOYMENT_TARGET = 8.1;
				MTL_ENABLE_DEBUG_INFO = NO;
				SDKROOT = iphoneos;
				VALIDATE_PRODUCT = YES;
			};
			name = Release;
		};
		5534D98F1A7983C000C87BFC /* Debug */ = {
			isa = XCBuildConfiguration;
			buildSettings = {
				ASSETCATALOG_COMPILER_APPICON_NAME = AppIcon;
				ASSETCATALOG_COMPILER_LAUNCHIMAGE_NAME = LaunchImage;
				INFOPLIST_FILE = GifImageDisplay/Info.plist;
				IPHONEOS_DEPLOYMENT_TARGET = 8.1;
				LD_RUNPATH_SEARCH_PATHS = "$(inherited) @executable_path/Frameworks";
				PRODUCT_NAME = "$(TARGET_NAME)";
				TARGETED_DEVICE_FAMILY = 1;
			};
			name = Debug;
		};
		5534D9901A7983C000C87BFC /* Release */ = {
			isa = XCBuildConfiguration;
			buildSettings = {
				ASSETCATALOG_COMPILER_APPICON_NAME = AppIcon;
				ASSETCATALOG_COMPILER_LAUNCHIMAGE_NAME = LaunchImage;
				INFOPLIST_FILE = GifImageDisplay/Info.plist;
				IPHONEOS_DEPLOYMENT_TARGET = 8.1;
				LD_RUNPATH_SEARCH_PATHS = "$(inherited) @executable_path/Frameworks";
				PRODUCT_NAME = "$(TARGET_NAME)";
				TARGETED_DEVICE_FAMILY = 1;
			};
			name = Release;
		};
		5534D9921A7983C000C87BFC /* Debug */ = {
			isa = XCBuildConfiguration;
			buildSettings = {
				BUNDLE_LOADER = "$(TEST_HOST)";
				FRAMEWORK_SEARCH_PATHS = (
					"$(SDKROOT)/Developer/Library/Frameworks",
					"$(inherited)",
				);
				GCC_PREPROCESSOR_DEFINITIONS = (
					"DEBUG=1",
					"$(inherited)",
				);
				INFOPLIST_FILE = GifImageDisplayTests/Info.plist;
				LD_RUNPATH_SEARCH_PATHS = "$(inherited) @executable_path/Frameworks @loader_path/Frameworks";
				PRODUCT_NAME = "$(TARGET_NAME)";
				TEST_HOST = "$(BUILT_PRODUCTS_DIR)/GifImageDisplay.app/GifImageDisplay";
			};
			name = Debug;
		};
		5534D9931A7983C000C87BFC /* Release */ = {
			isa = XCBuildConfiguration;
			buildSettings = {
				BUNDLE_LOADER = "$(TEST_HOST)";
				FRAMEWORK_SEARCH_PATHS = (
					"$(SDKROOT)/Developer/Library/Frameworks",
					"$(inherited)",
				);
				INFOPLIST_FILE = GifImageDisplayTests/Info.plist;
				LD_RUNPATH_SEARCH_PATHS = "$(inherited) @executable_path/Frameworks @loader_path/Frameworks";
				PRODUCT_NAME = "$(TARGET_NAME)";
				TEST_HOST = "$(BUILT_PRODUCTS_DIR)/GifImageDisplay.app/GifImageDisplay";
			};
			name = Release;
		};
/* End XCBuildConfiguration section */

/* Begin XCConfigurationList section */
		5534D9661A7983BF00C87BFC /* Build configuration list for PBXProject "GifImageDisplay" */ = {
			isa = XCConfigurationList;
			buildConfigurations = (
				5534D98C1A7983C000C87BFC /* Debug */,
				5534D98D1A7983C000C87BFC /* Release */,
			);
			defaultConfigurationIsVisible = 0;
			defaultConfigurationName = Release;
		};
		5534D98E1A7983C000C87BFC /* Build configuration list for PBXNativeTarget "GifImageDisplay" */ = {
			isa = XCConfigurationList;
			buildConfigurations = (
				5534D98F1A7983C000C87BFC /* Debug */,
				5534D9901A7983C000C87BFC /* Release */,
			);
			defaultConfigurationIsVisible = 0;
			defaultConfigurationName = Release;
		};
		5534D9911A7983C000C87BFC /* Build configuration list for PBXNativeTarget "GifImageDisplayTests" */ = {
			isa = XCConfigurationList;
			buildConfigurations = (
				5534D9921A7983C000C87BFC /* Debug */,
				5534D9931A7983C000C87BFC /* Release */,
			);
			defaultConfigurationIsVisible = 0;
			defaultConfigurationName = Release;
		};
/* End XCConfigurationList section */
	};
	rootObject = 5534D9631A7983BE00C87BFC /* Project object */;
}
